
Microsoft Visual Studio Solution File, Format Version 12.00
# Visual Studio Version 17
VisualStudioVersion = 17.4.33205.214
MinimumVisualStudioVersion = 10.0.40219.1
Project("{FAE04EC0-301F-11D3-BF4B-00C04F79EFBC}") = "authorazation", "authorazation\authorazation.csproj", "{6434C315-5F83-4280-9C0A-DC74885589DF}"
EndProject
Global
	GlobalSection(SolutionConfigurationPlatforms) = preSolution
		Debug|Any CPU = Debug|Any CPU
		Release|Any CPU = Release|Any CPU
	EndGlobalSection
	GlobalSection(ProjectConfigurationPlatforms) = postSolution
		{6434C315-5F83-4280-9C0A-DC74885589DF}.Debug|Any CPU.ActiveCfg = Debug|Any CPU
		{6434C315-5F83-4280-9C0A-DC74885589DF}.Debug|Any CPU.Build.0 = Debug|Any CPU
		{6434C315-5F83-4280-9C0A-DC74885589DF}.Release|Any CPU.ActiveCfg = Release|Any CPU
		{6434C315-5F83-4280-9C0A-DC74885589DF}.Release|Any CPU.Build.0 = Release|Any CPU
	EndGlobalSection
	GlobalSection(SolutionProperties) = preSolution
		HideSolutionNode = FALSE
	EndGlobalSection
	GlobalSection(ExtensibilityGlobals) = postSolution
		SolutionGuid = {21B25E47-CD54-4A97-9B52-18FD27675AD4}
	EndGlobalSection
EndGlobal
